
Microsoft Visual Studio Solution File, Format Version 12.00
# Visual Studio 15
VisualStudioVersion = 15.0.27004.2005
MinimumVisualStudioVersion = 10.0.40219.1
Project("{FAE04EC0-301F-11D3-BF4B-00C04F79EFBC}") = "RustManager", "RustManager\RustManager.csproj", "{E73B2322-ACF9-4021-84BA-BBEA68F034F7}"
EndProject
Project("{2150E333-8FDC-42A3-9474-1A3956D46DE8}") = "Solution Items", "Solution Items", "{6E4B1BA0-8D53-4DE4-9676-0496D00C625B}"
	ProjectSection(SolutionItems) = preProject
		.gitignore = .gitignore
		README.md = README.md
	EndProjectSection
EndProject
Global
	GlobalSection(SolutionConfigurationPlatforms) = preSolution
		Debug|Any CPU = Debug|Any CPU
		Release|Any CPU = Release|Any CPU
	EndGlobalSection
	GlobalSection(ProjectConfigurationPlatforms) = postSolution
		{E73B2322-ACF9-4021-84BA-BBEA68F034F7}.Debug|Any CPU.ActiveCfg = Debug|Any CPU
		{E73B2322-ACF9-4021-84BA-BBEA68F034F7}.Debug|Any CPU.Build.0 = Debug|Any CPU
		{E73B2322-ACF9-4021-84BA-BBEA68F034F7}.Release|Any CPU.ActiveCfg = Release|Any CPU
		{E73B2322-ACF9-4021-84BA-BBEA68F034F7}.Release|Any CPU.Build.0 = Release|Any CPU
	EndGlobalSection
	GlobalSection(SolutionProperties) = preSolution
		HideSolutionNode = FALSE
	EndGlobalSection
	GlobalSection(ExtensibilityGlobals) = postSolution
		SolutionGuid = {8DC9C16A-AF66-4249-8AB1-65FE9EBA9AF5}
	EndGlobalSection
EndGlobal
